
Microsoft Visual Studio Solution File, Format Version 12.00
# Visual Studio 2013
VisualStudioVersion = 12.0.30324.0
MinimumVisualStudioVersion = 10.0.40219.1
Project("{FAE04EC0-301F-11D3-BF4B-00C04F79EFBC}") = "Transition Effect", "Transition Effect\Transition Effect.csproj", "{491B7156-BD67-4256-A3E6-EC712CC738C2}"
EndProject
Project("{2150E333-8FDC-42A3-9474-1A3956D46DE8}") = "MediaExtensions", "MediaExtensions", "{15D12FAB-E1C5-442F-8B50-716CFA419909}"
EndProject
Project("{8BC9CEB8-8B4A-11D0-8D11-00A0C91BC942}") = "AdvancedMediaSource.WindowsPhone", "MediaExtensions\AdvancedMediaSource\AdvancedMediaSource.WindowsPhone.vcxproj", "{8D877EEF-1E85-4D42-8B69-7D820E01BE35}"
EndProject
Global
	GlobalSection(SubversionScc) = preSolution
		Svn-Managed = True
		Manager = AnkhSVN - Subversion Support for Visual Studio
	EndGlobalSection
	GlobalSection(SolutionConfigurationPlatforms) = preSolution
		Debug|Any CPU = Debug|Any CPU
		Debug|ARM = Debug|ARM
		Debug|Mixed Platforms = Debug|Mixed Platforms
		Debug|Win32 = Debug|Win32
		Debug|x86 = Debug|x86
		Release|Any CPU = Release|Any CPU
		Release|ARM = Release|ARM
		Release|Mixed Platforms = Release|Mixed Platforms
		Release|Win32 = Release|Win32
		Release|x86 = Release|x86
	EndGlobalSection
	GlobalSection(ProjectConfigurationPlatforms) = postSolution
		{491B7156-BD67-4256-A3E6-EC712CC738C2}.Debug|Any CPU.ActiveCfg = Debug|Any CPU
		{491B7156-BD67-4256-A3E6-EC712CC738C2}.Debug|Any CPU.Build.0 = Debug|Any CPU
		{491B7156-BD67-4256-A3E6-EC712CC738C2}.Debug|Any CPU.Deploy.0 = Debug|Any CPU
		{491B7156-BD67-4256-A3E6-EC712CC738C2}.Debug|ARM.ActiveCfg = Debug|ARM
		{491B7156-BD67-4256-A3E6-EC712CC738C2}.Debug|ARM.Build.0 = Debug|ARM
		{491B7156-BD67-4256-A3E6-EC712CC738C2}.Debug|ARM.Deploy.0 = Debug|ARM
		{491B7156-BD67-4256-A3E6-EC712CC738C2}.Debug|Mixed Platforms.ActiveCfg = Debug|x86
		{491B7156-BD67-4256-A3E6-EC712CC738C2}.Debug|Mixed Platforms.Build.0 = Debug|x86
		{491B7156-BD67-4256-A3E6-EC712CC738C2}.Debug|Mixed Platforms.Deploy.0 = Debug|x86
		{491B7156-BD67-4256-A3E6-EC712CC738C2}.Debug|Win32.ActiveCfg = Debug|x86
		{491B7156-BD67-4256-A3E6-EC712CC738C2}.Debug|Win32.Build.0 = Debug|x86
		{491B7156-BD67-4256-A3E6-EC712CC738C2}.Debug|Win32.Deploy.0 = Debug|x86
		{491B7156-BD67-4256-A3E6-EC712CC738C2}.Debug|x86.ActiveCfg = Debug|x86
		{491B7156-BD67-4256-A3E6-EC712CC738C2}.Debug|x86.Build.0 = Debug|x86
		{491B7156-BD67-4256-A3E6-EC712CC738C2}.Debug|x86.Deploy.0 = Debug|x86
		{491B7156-BD67-4256-A3E6-EC712CC738C2}.Release|Any CPU.ActiveCfg = Release|Any CPU
		{491B7156-BD67-4256-A3E6-EC712CC738C2}.Release|Any CPU.Build.0 = Release|Any CPU
		{491B7156-BD67-4256-A3E6-EC712CC738C2}.Release|Any CPU.Deploy.0 = Release|Any CPU
		{491B7156-BD67-4256-A3E6-EC712CC738C2}.Release|ARM.ActiveCfg = Release|ARM
		{491B7156-BD67-4256-A3E6-EC712CC738C2}.Release|ARM.Build.0 = Release|ARM
		{491B7156-BD67-4256-A3E6-EC712CC738C2}.Release|ARM.Deploy.0 = Release|ARM
		{491B7156-BD67-4256-A3E6-EC712CC738C2}.Release|Mixed Platforms.ActiveCfg = Release|x86
		{491B7156-BD67-4256-A3E6-EC712CC738C2}.Release|Mixed Platforms.Build.0 = Release|x86
		{491B7156-BD67-4256-A3E6-EC712CC738C2}.Release|Mixed Platforms.Deploy.0 = Release|x86
		{491B7156-BD67-4256-A3E6-EC712CC738C2}.Release|Win32.ActiveCfg = Release|x86
		{491B7156-BD67-4256-A3E6-EC712CC738C2}.Release|Win32.Build.0 = Release|x86
		{491B7156-BD67-4256-A3E6-EC712CC738C2}.Release|Win32.Deploy.0 = Release|x86
		{491B7156-BD67-4256-A3E6-EC712CC738C2}.Release|x86.ActiveCfg = Release|x86
		{491B7156-BD67-4256-A3E6-EC712CC738C2}.Release|x86.Build.0 = Release|x86
		{491B7156-BD67-4256-A3E6-EC712CC738C2}.Release|x86.Deploy.0 = Release|x86
		{8D877EEF-1E85-4D42-8B69-7D820E01BE35}.Debug|Any CPU.ActiveCfg = Debug|Win32
		{8D877EEF-1E85-4D42-8B69-7D820E01BE35}.Debug|ARM.ActiveCfg = Debug|ARM
		{8D877EEF-1E85-4D42-8B69-7D820E01BE35}.Debug|ARM.Build.0 = Debug|ARM
		{8D877EEF-1E85-4D42-8B69-7D820E01BE35}.Debug|Mixed Platforms.ActiveCfg = Debug|Win32
		{8D877EEF-1E85-4D42-8B69-7D820E01BE35}.Debug|Mixed Platforms.Build.0 = Debug|Win32
		{8D877EEF-1E85-4D42-8B69-7D820E01BE35}.Debug|Win32.ActiveCfg = Debug|Win32
		{8D877EEF-1E85-4D42-8B69-7D820E01BE35}.Debug|Win32.Build.0 = Debug|Win32
		{8D877EEF-1E85-4D42-8B69-7D820E01BE35}.Debug|x86.ActiveCfg = Debug|Win32
		{8D877EEF-1E85-4D42-8B69-7D820E01BE35}.Debug|x86.Build.0 = Debug|Win32
		{8D877EEF-1E85-4D42-8B69-7D820E01BE35}.Release|Any CPU.ActiveCfg = Release|Win32
		{8D877EEF-1E85-4D42-8B69-7D820E01BE35}.Release|ARM.ActiveCfg = Release|ARM
		{8D877EEF-1E85-4D42-8B69-7D820E01BE35}.Release|ARM.Build.0 = Release|ARM
		{8D877EEF-1E85-4D42-8B69-7D820E01BE35}.Release|Mixed Platforms.ActiveCfg = Release|Win32
		{8D877EEF-1E85-4D42-8B69-7D820E01BE35}.Release|Mixed Platforms.Build.0 = Release|Win32
		{8D877EEF-1E85-4D42-8B69-7D820E01BE35}.Release|Win32.ActiveCfg = Release|Win32
		{8D877EEF-1E85-4D42-8B69-7D820E01BE35}.Release|Win32.Build.0 = Release|Win32
		{8D877EEF-1E85-4D42-8B69-7D820E01BE35}.Release|x86.ActiveCfg = Release|Win32
		{8D877EEF-1E85-4D42-8B69-7D820E01BE35}.Release|x86.Build.0 = Release|Win32
	EndGlobalSection
	GlobalSection(SolutionProperties) = preSolution
		HideSolutionNode = FALSE
	EndGlobalSection
	GlobalSection(NestedProjects) = preSolution
		{8D877EEF-1E85-4D42-8B69-7D820E01BE35} = {15D12FAB-E1C5-442F-8B50-716CFA419909}
	EndGlobalSection
EndGlobal
