<?xml version="1.0" encoding="utf-8"?>
<Project ToolsVersion="12.0" xmlns="http://schemas.microsoft.com/developer/msbuild/2003">
  <ItemGroup>
    <Filter Include="src">
      <UniqueIdentifier>{9bba67ea-3299-4cf2-8012-6064c9b2dc00}</UniqueIdentifier>
    </Filter>
  </ItemGroup>
  <ItemGroup>
    <ClCompile Include="src\CAdvancedMediaSource.cpp">
      <Filter>src</Filter>
    </ClCompile>
    <ClCompile Include="src\Common.cpp">
      <Filter>src</Filter>
    </ClCompile>
    <ClCompile Include="src\CSource.cpp">
      <Filter>src</Filter>
    </ClCompile>
    <ClCompile Include="src\FrameMixer.cpp">
      <Filter>src</Filter>
    </ClCompile>
    <ClCompile Include="src\pch.cpp">
      <Filter>src</Filter>
    </ClCompile>
    <ClCompile Include="src\TransitionManager.cpp">
      <Filter>src</Filter>
    </ClCompile>
  </ItemGroup>
  <ItemGroup>
    <ClInclude Include="src\VideoTypes.h">
      <Filter>src</Filter>
    </ClInclude>
    <ClInclude Include="src\CAdvancedMediaSource.h">
      <Filter>src</Filter>
    </ClInclude>
    <ClInclude Include="src\Common.h">
      <Filter>src</Filter>
    </ClInclude>
    <ClInclude Include="src\CritSec.h">
      <Filter>src</Filter>
    </ClInclude>
    <ClInclude Include="src\CSource.h">
      <Filter>src</Filter>
    </ClInclude>
    <ClInclude Include="src\FrameMixer.h">
      <Filter>src</Filter>
    </ClInclude>
    <ClInclude Include="src\pch.h">
      <Filter>src</Filter>
    </ClInclude>
    <ClInclude Include="src\SVideoData.h">
      <Filter>src</Filter>
    </ClInclude>
    <ClInclude Include="src\TextureLock.h">
      <Filter>src</Filter>
    </ClInclude>
    <ClInclude Include="src\TransitionManager.h">
      <Filter>src</Filter>
    </ClInclude>
    <ClInclude Include="src\VideoBufferLock.h">
      <Filter>src</Filter>
    </ClInclude>
  </ItemGroup>
  <ItemGroup>
    <FxCompile Include="src\PixelShader.hlsl">
      <Filter>src</Filter>
    </FxCompile>
    <FxCompile Include="src\VertexShader.hlsl">
      <Filter>src</Filter>
    </FxCompile>
  </ItemGroup>
</Project>